
Microsoft Visual Studio Solution File, Format Version 12.00
# Visual Studio Version 17
VisualStudioVersion = 17.10.35013.160
MinimumVisualStudioVersion = 10.0.40219.1
Project("{FAE04EC0-301F-11D3-BF4B-00C04F79EFBC}") = "SocialNetworkOtus", "SocialNetworkOtus\SocialNetworkOtus.csproj", "{CE7019A5-19B9-4C8E-8BA2-C98E85D5B48D}"
EndProject
Project("{2150E333-8FDC-42A3-9474-1A3956D46DE8}") = "Applications", "Applications", "{8246EDE5-4CA0-4927-9EEB-B9563E52160F}"
EndProject
Project("{2150E333-8FDC-42A3-9474-1A3956D46DE8}") = "Backend", "Backend", "{73D9A347-D0A9-4042-94E0-B30C8D8CF649}"
EndProject
Project("{2150E333-8FDC-42A3-9474-1A3956D46DE8}") = "Frontend", "Frontend", "{901DE66F-FB8D-43C0-8E33-A5B37591E14B}"
EndProject
Project("{FAE04EC0-301F-11D3-BF4B-00C04F79EFBC}") = "MainApi", "Applications\Backend\MainApi\MainApi.csproj", "{FFB8FAC0-49BA-469A-B7AF-262FB8CF9833}"
EndProject
Global
	GlobalSection(SolutionConfigurationPlatforms) = preSolution
		Debug|Any CPU = Debug|Any CPU
		Release|Any CPU = Release|Any CPU
	EndGlobalSection
	GlobalSection(ProjectConfigurationPlatforms) = postSolution
		{CE7019A5-19B9-4C8E-8BA2-C98E85D5B48D}.Debug|Any CPU.ActiveCfg = Debug|Any CPU
		{CE7019A5-19B9-4C8E-8BA2-C98E85D5B48D}.Debug|Any CPU.Build.0 = Debug|Any CPU
		{CE7019A5-19B9-4C8E-8BA2-C98E85D5B48D}.Release|Any CPU.ActiveCfg = Release|Any CPU
		{CE7019A5-19B9-4C8E-8BA2-C98E85D5B48D}.Release|Any CPU.Build.0 = Release|Any CPU
		{FFB8FAC0-49BA-469A-B7AF-262FB8CF9833}.Debug|Any CPU.ActiveCfg = Debug|Any CPU
		{FFB8FAC0-49BA-469A-B7AF-262FB8CF9833}.Debug|Any CPU.Build.0 = Debug|Any CPU
		{FFB8FAC0-49BA-469A-B7AF-262FB8CF9833}.Release|Any CPU.ActiveCfg = Release|Any CPU
		{FFB8FAC0-49BA-469A-B7AF-262FB8CF9833}.Release|Any CPU.Build.0 = Release|Any CPU
	EndGlobalSection
	GlobalSection(SolutionProperties) = preSolution
		HideSolutionNode = FALSE
	EndGlobalSection
	GlobalSection(NestedProjects) = preSolution
		{73D9A347-D0A9-4042-94E0-B30C8D8CF649} = {8246EDE5-4CA0-4927-9EEB-B9563E52160F}
		{901DE66F-FB8D-43C0-8E33-A5B37591E14B} = {8246EDE5-4CA0-4927-9EEB-B9563E52160F}
		{FFB8FAC0-49BA-469A-B7AF-262FB8CF9833} = {73D9A347-D0A9-4042-94E0-B30C8D8CF649}
	EndGlobalSection
	GlobalSection(ExtensibilityGlobals) = postSolution
		SolutionGuid = {32BAA331-BA11-4F6F-8EC2-89C78964153E}
	EndGlobalSection
EndGlobal
