
Microsoft Visual Studio Solution File, Format Version 12.00
# Visual Studio Version 17
VisualStudioVersion = 17.10.35013.160
MinimumVisualStudioVersion = 10.0.40219.1
Project("{9A19103F-16F7-4668-BE54-9A1E7A4F7556}") = "SocialNetworkOtus", "SocialNetworkOtus\SocialNetworkOtus.csproj", "{CE7019A5-19B9-4C8E-8BA2-C98E85D5B48D}"
EndProject
Project("{2150E333-8FDC-42A3-9474-1A3956D46DE8}") = "Applications", "Applications", "{8246EDE5-4CA0-4927-9EEB-B9563E52160F}"
EndProject
Project("{2150E333-8FDC-42A3-9474-1A3956D46DE8}") = "Backend", "Backend", "{73D9A347-D0A9-4042-94E0-B30C8D8CF649}"
EndProject
Project("{2150E333-8FDC-42A3-9474-1A3956D46DE8}") = "Frontend", "Frontend", "{901DE66F-FB8D-43C0-8E33-A5B37591E14B}"
EndProject
Project("{9A19103F-16F7-4668-BE54-9A1E7A4F7556}") = "MainApi", "Applications\Backend\MainApi\MainApi.csproj", "{FFB8FAC0-49BA-469A-B7AF-262FB8CF9833}"
EndProject
Project("{2150E333-8FDC-42A3-9474-1A3956D46DE8}") = "Shared", "Shared", "{5289A84C-519E-4BB5-96FE-037A18B44060}"
EndProject
Project("{2150E333-8FDC-42A3-9474-1A3956D46DE8}") = "Database", "Database", "{BFCC82BE-0F23-444F-8C3A-4D1E22CFDB8F}"
EndProject
Project("{9A19103F-16F7-4668-BE54-9A1E7A4F7556}") = "Shared.Database.Entities", "Shared\Database\Shared.Database.Entities\Shared.Database.Entities.csproj", "{D14E54B8-59BF-4CCB-8AFB-A8D3226DAEE8}"
EndProject
Project("{9A19103F-16F7-4668-BE54-9A1E7A4F7556}") = "Shared.Database.PostgreSql", "Shared\Database\Shared.Database.PostgreSql\Shared.Database.PostgreSql.csproj", "{120C5C2A-E0C8-427D-847C-3358C6364D35}"
EndProject
Project("{2150E333-8FDC-42A3-9474-1A3956D46DE8}") = "Cache", "Cache", "{F1FA7F2F-5326-4B09-A8ED-A695AB3A6A94}"
EndProject
Project("{FAE04EC0-301F-11D3-BF4B-00C04F79EFBC}") = "Shared.Cache.Redis", "Shared\Cache\Shared.Cache.Redis\Shared.Cache.Redis.csproj", "{872CD392-5AB4-4D03-98DB-BE500D42399C}"
EndProject
Project("{2150E333-8FDC-42A3-9474-1A3956D46DE8}") = "Event", "Event", "{51B63DCE-4CAA-4DFB-8209-65AB9F76C5B2}"
EndProject
Project("{FAE04EC0-301F-11D3-BF4B-00C04F79EFBC}") = "Shared.Event.Kafka", "Shared\Event\Shared.Event.Kafka\Shared.Event.Kafka.csproj", "{6DD2E7ED-A67E-4D76-8DFF-1E172E6A2C9E}"
EndProject
Project("{FAE04EC0-301F-11D3-BF4B-00C04F79EFBC}") = "SocialNetworkOtusTwo", "SocialNetworkOtusTwo\SocialNetworkOtusTwo.csproj", "{F37DE347-9B2E-41A5-B351-E3124656B30B}"
EndProject
Project("{FAE04EC0-301F-11D3-BF4B-00C04F79EFBC}") = "DialogApi", "Applications\Backend\DialogApi\DialogApi.csproj", "{62117891-164B-4A18-BB66-C3C897D1E084}"
EndProject
Project("{FAE04EC0-301F-11D3-BF4B-00C04F79EFBC}") = "Shared.Database.Tarantool", "Shared\Database\Shared.Database.Tarantool\Shared.Database.Tarantool.csproj", "{4EDB6680-F57B-49DA-BDF7-19F9A9D20E52}"
EndProject
Project("{FAE04EC0-301F-11D3-BF4B-00C04F79EFBC}") = "Shared.Database.Abstract", "Shared\Database\Shared.Database.Abstract\Shared.Database.Abstract.csproj", "{582B0F44-D928-4CD4-8307-27B7450C3A90}"
EndProject
Project("{2150E333-8FDC-42A3-9474-1A3956D46DE8}") = "Metrics", "Metrics", "{B55F9870-D9C3-4DC4-8935-B68C9F61FFA5}"
EndProject
Project("{FAE04EC0-301F-11D3-BF4B-00C04F79EFBC}") = "Shared.Metrics.OpenTelemetry", "Shared\Metrics\Shared.Metrics.OpenTelemetry\Shared.Metrics.OpenTelemetry.csproj", "{14AC23F7-06F4-4429-BA52-088B2F4036B0}"
EndProject
Global
	GlobalSection(SolutionConfigurationPlatforms) = preSolution
		Debug|Any CPU = Debug|Any CPU
		Release|Any CPU = Release|Any CPU
	EndGlobalSection
	GlobalSection(ProjectConfigurationPlatforms) = postSolution
		{CE7019A5-19B9-4C8E-8BA2-C98E85D5B48D}.Debug|Any CPU.ActiveCfg = Debug|Any CPU
		{CE7019A5-19B9-4C8E-8BA2-C98E85D5B48D}.Debug|Any CPU.Build.0 = Debug|Any CPU
		{CE7019A5-19B9-4C8E-8BA2-C98E85D5B48D}.Release|Any CPU.ActiveCfg = Release|Any CPU
		{CE7019A5-19B9-4C8E-8BA2-C98E85D5B48D}.Release|Any CPU.Build.0 = Release|Any CPU
		{FFB8FAC0-49BA-469A-B7AF-262FB8CF9833}.Debug|Any CPU.ActiveCfg = Debug|Any CPU
		{FFB8FAC0-49BA-469A-B7AF-262FB8CF9833}.Debug|Any CPU.Build.0 = Debug|Any CPU
		{FFB8FAC0-49BA-469A-B7AF-262FB8CF9833}.Release|Any CPU.ActiveCfg = Release|Any CPU
		{FFB8FAC0-49BA-469A-B7AF-262FB8CF9833}.Release|Any CPU.Build.0 = Release|Any CPU
		{D14E54B8-59BF-4CCB-8AFB-A8D3226DAEE8}.Debug|Any CPU.ActiveCfg = Debug|Any CPU
		{D14E54B8-59BF-4CCB-8AFB-A8D3226DAEE8}.Debug|Any CPU.Build.0 = Debug|Any CPU
		{D14E54B8-59BF-4CCB-8AFB-A8D3226DAEE8}.Release|Any CPU.ActiveCfg = Release|Any CPU
		{D14E54B8-59BF-4CCB-8AFB-A8D3226DAEE8}.Release|Any CPU.Build.0 = Release|Any CPU
		{120C5C2A-E0C8-427D-847C-3358C6364D35}.Debug|Any CPU.ActiveCfg = Debug|Any CPU
		{120C5C2A-E0C8-427D-847C-3358C6364D35}.Debug|Any CPU.Build.0 = Debug|Any CPU
		{120C5C2A-E0C8-427D-847C-3358C6364D35}.Release|Any CPU.ActiveCfg = Release|Any CPU
		{120C5C2A-E0C8-427D-847C-3358C6364D35}.Release|Any CPU.Build.0 = Release|Any CPU
		{872CD392-5AB4-4D03-98DB-BE500D42399C}.Debug|Any CPU.ActiveCfg = Debug|Any CPU
		{872CD392-5AB4-4D03-98DB-BE500D42399C}.Debug|Any CPU.Build.0 = Debug|Any CPU
		{872CD392-5AB4-4D03-98DB-BE500D42399C}.Release|Any CPU.ActiveCfg = Release|Any CPU
		{872CD392-5AB4-4D03-98DB-BE500D42399C}.Release|Any CPU.Build.0 = Release|Any CPU
		{6DD2E7ED-A67E-4D76-8DFF-1E172E6A2C9E}.Debug|Any CPU.ActiveCfg = Debug|Any CPU
		{6DD2E7ED-A67E-4D76-8DFF-1E172E6A2C9E}.Debug|Any CPU.Build.0 = Debug|Any CPU
		{6DD2E7ED-A67E-4D76-8DFF-1E172E6A2C9E}.Release|Any CPU.ActiveCfg = Release|Any CPU
		{6DD2E7ED-A67E-4D76-8DFF-1E172E6A2C9E}.Release|Any CPU.Build.0 = Release|Any CPU
		{F37DE347-9B2E-41A5-B351-E3124656B30B}.Debug|Any CPU.ActiveCfg = Debug|Any CPU
		{F37DE347-9B2E-41A5-B351-E3124656B30B}.Debug|Any CPU.Build.0 = Debug|Any CPU
		{F37DE347-9B2E-41A5-B351-E3124656B30B}.Release|Any CPU.ActiveCfg = Release|Any CPU
		{F37DE347-9B2E-41A5-B351-E3124656B30B}.Release|Any CPU.Build.0 = Release|Any CPU
		{62117891-164B-4A18-BB66-C3C897D1E084}.Debug|Any CPU.ActiveCfg = Debug|Any CPU
		{62117891-164B-4A18-BB66-C3C897D1E084}.Debug|Any CPU.Build.0 = Debug|Any CPU
		{62117891-164B-4A18-BB66-C3C897D1E084}.Release|Any CPU.ActiveCfg = Release|Any CPU
		{62117891-164B-4A18-BB66-C3C897D1E084}.Release|Any CPU.Build.0 = Release|Any CPU
		{4EDB6680-F57B-49DA-BDF7-19F9A9D20E52}.Debug|Any CPU.ActiveCfg = Debug|Any CPU
		{4EDB6680-F57B-49DA-BDF7-19F9A9D20E52}.Debug|Any CPU.Build.0 = Debug|Any CPU
		{4EDB6680-F57B-49DA-BDF7-19F9A9D20E52}.Release|Any CPU.ActiveCfg = Release|Any CPU
		{4EDB6680-F57B-49DA-BDF7-19F9A9D20E52}.Release|Any CPU.Build.0 = Release|Any CPU
		{582B0F44-D928-4CD4-8307-27B7450C3A90}.Debug|Any CPU.ActiveCfg = Debug|Any CPU
		{582B0F44-D928-4CD4-8307-27B7450C3A90}.Debug|Any CPU.Build.0 = Debug|Any CPU
		{582B0F44-D928-4CD4-8307-27B7450C3A90}.Release|Any CPU.ActiveCfg = Release|Any CPU
		{582B0F44-D928-4CD4-8307-27B7450C3A90}.Release|Any CPU.Build.0 = Release|Any CPU
		{14AC23F7-06F4-4429-BA52-088B2F4036B0}.Debug|Any CPU.ActiveCfg = Debug|Any CPU
		{14AC23F7-06F4-4429-BA52-088B2F4036B0}.Debug|Any CPU.Build.0 = Debug|Any CPU
		{14AC23F7-06F4-4429-BA52-088B2F4036B0}.Release|Any CPU.ActiveCfg = Release|Any CPU
		{14AC23F7-06F4-4429-BA52-088B2F4036B0}.Release|Any CPU.Build.0 = Release|Any CPU
	EndGlobalSection
	GlobalSection(SolutionProperties) = preSolution
		HideSolutionNode = FALSE
	EndGlobalSection
	GlobalSection(NestedProjects) = preSolution
		{73D9A347-D0A9-4042-94E0-B30C8D8CF649} = {8246EDE5-4CA0-4927-9EEB-B9563E52160F}
		{901DE66F-FB8D-43C0-8E33-A5B37591E14B} = {8246EDE5-4CA0-4927-9EEB-B9563E52160F}
		{FFB8FAC0-49BA-469A-B7AF-262FB8CF9833} = {73D9A347-D0A9-4042-94E0-B30C8D8CF649}
		{BFCC82BE-0F23-444F-8C3A-4D1E22CFDB8F} = {5289A84C-519E-4BB5-96FE-037A18B44060}
		{D14E54B8-59BF-4CCB-8AFB-A8D3226DAEE8} = {BFCC82BE-0F23-444F-8C3A-4D1E22CFDB8F}
		{120C5C2A-E0C8-427D-847C-3358C6364D35} = {BFCC82BE-0F23-444F-8C3A-4D1E22CFDB8F}
		{F1FA7F2F-5326-4B09-A8ED-A695AB3A6A94} = {5289A84C-519E-4BB5-96FE-037A18B44060}
		{872CD392-5AB4-4D03-98DB-BE500D42399C} = {F1FA7F2F-5326-4B09-A8ED-A695AB3A6A94}
		{51B63DCE-4CAA-4DFB-8209-65AB9F76C5B2} = {5289A84C-519E-4BB5-96FE-037A18B44060}
		{6DD2E7ED-A67E-4D76-8DFF-1E172E6A2C9E} = {51B63DCE-4CAA-4DFB-8209-65AB9F76C5B2}
		{62117891-164B-4A18-BB66-C3C897D1E084} = {73D9A347-D0A9-4042-94E0-B30C8D8CF649}
		{4EDB6680-F57B-49DA-BDF7-19F9A9D20E52} = {BFCC82BE-0F23-444F-8C3A-4D1E22CFDB8F}
		{582B0F44-D928-4CD4-8307-27B7450C3A90} = {BFCC82BE-0F23-444F-8C3A-4D1E22CFDB8F}
		{B55F9870-D9C3-4DC4-8935-B68C9F61FFA5} = {5289A84C-519E-4BB5-96FE-037A18B44060}
		{14AC23F7-06F4-4429-BA52-088B2F4036B0} = {B55F9870-D9C3-4DC4-8935-B68C9F61FFA5}
	EndGlobalSection
	GlobalSection(ExtensibilityGlobals) = postSolution
		SolutionGuid = {32BAA331-BA11-4F6F-8EC2-89C78964153E}
	EndGlobalSection
EndGlobal
